
Microsoft Visual Studio Solution File, Format Version 12.00
# Visual Studio Version 16
VisualStudioVersion = 16.0.29409.12
MinimumVisualStudioVersion = 10.0.40219.1
Project("{FAE04EC0-301F-11D3-BF4B-00C04F79EFBC}") = "HW6", "HW6.csproj", "{F2CC5AA2-64E0-4037-8954-707B0EA044D6}"
EndProject
Global
	GlobalSection(SolutionConfigurationPlatforms) = preSolution
		Debug|Any CPU = Debug|Any CPU
		Release|Any CPU = Release|Any CPU
	EndGlobalSection
	GlobalSection(ProjectConfigurationPlatforms) = postSolution
		{F2CC5AA2-64E0-4037-8954-707B0EA044D6}.Debug|Any CPU.ActiveCfg = Debug|Any CPU
		{F2CC5AA2-64E0-4037-8954-707B0EA044D6}.Debug|Any CPU.Build.0 = Debug|Any CPU
		{F2CC5AA2-64E0-4037-8954-707B0EA044D6}.Release|Any CPU.ActiveCfg = Release|Any CPU
		{F2CC5AA2-64E0-4037-8954-707B0EA044D6}.Release|Any CPU.Build.0 = Release|Any CPU
	EndGlobalSection
	GlobalSection(SolutionProperties) = preSolution
		HideSolutionNode = FALSE
	EndGlobalSection
	GlobalSection(ExtensibilityGlobals) = postSolution
		SolutionGuid = {FC9A71C4-F24D-463A-9BCB-D8F632320A53}
	EndGlobalSection
EndGlobal
