
Microsoft Visual Studio Solution File, Format Version 12.00
# Visual Studio Version 16
VisualStudioVersion = 16.0.29519.87
MinimumVisualStudioVersion = 10.0.40219.1
Project("{FAE04EC0-301F-11D3-BF4B-00C04F79EFBC}") = "CS460-Final", "CS460-Final.csproj", "{2890D0FF-FC91-4C9D-961E-CC6ACC80AEFE}"
EndProject
Global
	GlobalSection(SolutionConfigurationPlatforms) = preSolution
		Debug|Any CPU = Debug|Any CPU
		Release|Any CPU = Release|Any CPU
	EndGlobalSection
	GlobalSection(ProjectConfigurationPlatforms) = postSolution
		{2890D0FF-FC91-4C9D-961E-CC6ACC80AEFE}.Debug|Any CPU.ActiveCfg = Debug|Any CPU
		{2890D0FF-FC91-4C9D-961E-CC6ACC80AEFE}.Debug|Any CPU.Build.0 = Debug|Any CPU
		{2890D0FF-FC91-4C9D-961E-CC6ACC80AEFE}.Release|Any CPU.ActiveCfg = Release|Any CPU
		{2890D0FF-FC91-4C9D-961E-CC6ACC80AEFE}.Release|Any CPU.Build.0 = Release|Any CPU
	EndGlobalSection
	GlobalSection(SolutionProperties) = preSolution
		HideSolutionNode = FALSE
	EndGlobalSection
	GlobalSection(ExtensibilityGlobals) = postSolution
		SolutionGuid = {9691B5C4-4407-42D7-AB06-360486899584}
	EndGlobalSection
EndGlobal
