
Microsoft Visual Studio Solution File, Format Version 12.00
# Visual Studio Version 16
VisualStudioVersion = 16.0.29409.12
MinimumVisualStudioVersion = 10.0.40219.1
Project("{FAE04EC0-301F-11D3-BF4B-00C04F79EFBC}") = "HW4", "HW4.csproj", "{0BF33BF0-F13E-41DF-AE48-8F727AD99274}"
EndProject
Global
	GlobalSection(SolutionConfigurationPlatforms) = preSolution
		Debug|Any CPU = Debug|Any CPU
		Release|Any CPU = Release|Any CPU
	EndGlobalSection
	GlobalSection(ProjectConfigurationPlatforms) = postSolution
		{0BF33BF0-F13E-41DF-AE48-8F727AD99274}.Debug|Any CPU.ActiveCfg = Debug|Any CPU
		{0BF33BF0-F13E-41DF-AE48-8F727AD99274}.Debug|Any CPU.Build.0 = Debug|Any CPU
		{0BF33BF0-F13E-41DF-AE48-8F727AD99274}.Release|Any CPU.ActiveCfg = Release|Any CPU
		{0BF33BF0-F13E-41DF-AE48-8F727AD99274}.Release|Any CPU.Build.0 = Release|Any CPU
	EndGlobalSection
	GlobalSection(SolutionProperties) = preSolution
		HideSolutionNode = FALSE
	EndGlobalSection
	GlobalSection(ExtensibilityGlobals) = postSolution
		SolutionGuid = {D1EE996D-2C72-4BB8-9418-32D468A14A27}
	EndGlobalSection
EndGlobal
